
Microsoft Visual Studio Solution File, Format Version 12.00
# Visual Studio 15
VisualStudioVersion = 15.0.26730.16
MinimumVisualStudioVersion = 10.0.40219.1
Project("{9A19103F-16F7-4668-BE54-9A1E7A4F7556}") = "WorkingWithVisualStudio", "WorkingWithVisualStudio\WorkingWithVisualStudio.csproj", "{E595B297-D2BA-4689-BC68-9B4811C3D62D}"
EndProject
Project("{FAE04EC0-301F-11D3-BF4B-00C04F79EFBC}") = "WorkingWithVisualStudio.Tests", "WorkingWithVisualStudio.Tests\WorkingWithVisualStudio.Tests.csproj", "{82A1D0F5-BF7E-4423-BF50-59B6B5614DB3}"
EndProject
Global
	GlobalSection(SolutionConfigurationPlatforms) = preSolution
		Debug|Any CPU = Debug|Any CPU
		Release|Any CPU = Release|Any CPU
	EndGlobalSection
	GlobalSection(ProjectConfigurationPlatforms) = postSolution
		{E595B297-D2BA-4689-BC68-9B4811C3D62D}.Debug|Any CPU.ActiveCfg = Debug|Any CPU
		{E595B297-D2BA-4689-BC68-9B4811C3D62D}.Debug|Any CPU.Build.0 = Debug|Any CPU
		{E595B297-D2BA-4689-BC68-9B4811C3D62D}.Release|Any CPU.ActiveCfg = Release|Any CPU
		{E595B297-D2BA-4689-BC68-9B4811C3D62D}.Release|Any CPU.Build.0 = Release|Any CPU
		{82A1D0F5-BF7E-4423-BF50-59B6B5614DB3}.Debug|Any CPU.ActiveCfg = Debug|Any CPU
		{82A1D0F5-BF7E-4423-BF50-59B6B5614DB3}.Debug|Any CPU.Build.0 = Debug|Any CPU
		{82A1D0F5-BF7E-4423-BF50-59B6B5614DB3}.Release|Any CPU.ActiveCfg = Release|Any CPU
		{82A1D0F5-BF7E-4423-BF50-59B6B5614DB3}.Release|Any CPU.Build.0 = Release|Any CPU
	EndGlobalSection
	GlobalSection(SolutionProperties) = preSolution
		HideSolutionNode = FALSE
	EndGlobalSection
	GlobalSection(ExtensibilityGlobals) = postSolution
		SolutionGuid = {AF362163-DC65-4792-A7C3-7E6D4863A3FE}
	EndGlobalSection
EndGlobal
